
Microsoft Visual Studio Solution File, Format Version 12.00
# Visual Studio 14
VisualStudioVersion = 14.0.25420.1
MinimumVisualStudioVersion = 10.0.40219.1
Project("{2150E333-8FDC-42A3-9474-1A3956D46DE8}") = "src", "src", "{F4E4516F-5189-4060-8C86-194F83D9BD7A}"
EndProject
Project("{2150E333-8FDC-42A3-9474-1A3956D46DE8}") = "Solution Items", "Solution Items", "{15A57DAB-61E6-4FB8-B5B4-D4F8B2A1A6C1}"
	ProjectSection(SolutionItems) = preProject
		global.json = global.json
	EndProjectSection
EndProject
Project("{8BB2217D-0F2D-49D1-97BC-3654ED321F3B}") = "SampleGitHubDeployment", "src\SampleGitHubDeployment\SampleGitHubDeployment.xproj", "{5137017D-50B8-468B-98E5-ABAEF8F681C4}"
EndProject
Global
	GlobalSection(SolutionConfigurationPlatforms) = preSolution
		Debug|Any CPU = Debug|Any CPU
		Release|Any CPU = Release|Any CPU
	EndGlobalSection
	GlobalSection(ProjectConfigurationPlatforms) = postSolution
		{5137017D-50B8-468B-98E5-ABAEF8F681C4}.Debug|Any CPU.ActiveCfg = Debug|Any CPU
		{5137017D-50B8-468B-98E5-ABAEF8F681C4}.Debug|Any CPU.Build.0 = Debug|Any CPU
		{5137017D-50B8-468B-98E5-ABAEF8F681C4}.Release|Any CPU.ActiveCfg = Release|Any CPU
		{5137017D-50B8-468B-98E5-ABAEF8F681C4}.Release|Any CPU.Build.0 = Release|Any CPU
	EndGlobalSection
	GlobalSection(SolutionProperties) = preSolution
		HideSolutionNode = FALSE
	EndGlobalSection
	GlobalSection(NestedProjects) = preSolution
		{5137017D-50B8-468B-98E5-ABAEF8F681C4} = {F4E4516F-5189-4060-8C86-194F83D9BD7A}
	EndGlobalSection
EndGlobal
